
Microsoft Visual Studio Solution File, Format Version 12.00
# Visual Studio Version 17
VisualStudioVersion = 17.8.34525.116
MinimumVisualStudioVersion = 10.0.40219.1
Project("{9A19103F-16F7-4668-BE54-9A1E7A4F7556}") = "Exercicio1", "Atividade_16092024_OtavioMartins\Exercicio1.csproj", "{B02A4FBA-15EE-42C9-93D3-6EF0C6AB818D}"
EndProject
Project("{9A19103F-16F7-4668-BE54-9A1E7A4F7556}") = "Exercicio2", "Exercicio2\Exercicio2.csproj", "{11D8C1E1-0A46-43D2-A52A-9FF8ADBCAC89}"
EndProject
Project("{FAE04EC0-301F-11D3-BF4B-00C04F79EFBC}") = "Exercicio3", "Exercicio3\Exercicio3.csproj", "{D9597817-A328-4705-B07A-204D19F52110}"
EndProject
Project("{FAE04EC0-301F-11D3-BF4B-00C04F79EFBC}") = "Exercicio 4", "Exercicio 4\Exercicio 4.csproj", "{69046746-5686-48D6-A0E9-B9083EA7D822}"
EndProject
Project("{FAE04EC0-301F-11D3-BF4B-00C04F79EFBC}") = "Exercicio5", "Exercicio5\Exercicio5.csproj", "{15936965-97A8-42D8-933A-87E5702C58AB}"
EndProject
Global
	GlobalSection(SolutionConfigurationPlatforms) = preSolution
		Debug|Any CPU = Debug|Any CPU
		Release|Any CPU = Release|Any CPU
	EndGlobalSection
	GlobalSection(ProjectConfigurationPlatforms) = postSolution
		{B02A4FBA-15EE-42C9-93D3-6EF0C6AB818D}.Debug|Any CPU.ActiveCfg = Debug|Any CPU
		{B02A4FBA-15EE-42C9-93D3-6EF0C6AB818D}.Debug|Any CPU.Build.0 = Debug|Any CPU
		{B02A4FBA-15EE-42C9-93D3-6EF0C6AB818D}.Release|Any CPU.ActiveCfg = Release|Any CPU
		{B02A4FBA-15EE-42C9-93D3-6EF0C6AB818D}.Release|Any CPU.Build.0 = Release|Any CPU
		{11D8C1E1-0A46-43D2-A52A-9FF8ADBCAC89}.Debug|Any CPU.ActiveCfg = Debug|Any CPU
		{11D8C1E1-0A46-43D2-A52A-9FF8ADBCAC89}.Debug|Any CPU.Build.0 = Debug|Any CPU
		{11D8C1E1-0A46-43D2-A52A-9FF8ADBCAC89}.Release|Any CPU.ActiveCfg = Release|Any CPU
		{11D8C1E1-0A46-43D2-A52A-9FF8ADBCAC89}.Release|Any CPU.Build.0 = Release|Any CPU
		{D9597817-A328-4705-B07A-204D19F52110}.Debug|Any CPU.ActiveCfg = Debug|Any CPU
		{D9597817-A328-4705-B07A-204D19F52110}.Debug|Any CPU.Build.0 = Debug|Any CPU
		{D9597817-A328-4705-B07A-204D19F52110}.Release|Any CPU.ActiveCfg = Release|Any CPU
		{D9597817-A328-4705-B07A-204D19F52110}.Release|Any CPU.Build.0 = Release|Any CPU
		{69046746-5686-48D6-A0E9-B9083EA7D822}.Debug|Any CPU.ActiveCfg = Debug|Any CPU
		{69046746-5686-48D6-A0E9-B9083EA7D822}.Debug|Any CPU.Build.0 = Debug|Any CPU
		{69046746-5686-48D6-A0E9-B9083EA7D822}.Release|Any CPU.ActiveCfg = Release|Any CPU
		{69046746-5686-48D6-A0E9-B9083EA7D822}.Release|Any CPU.Build.0 = Release|Any CPU
		{15936965-97A8-42D8-933A-87E5702C58AB}.Debug|Any CPU.ActiveCfg = Debug|Any CPU
		{15936965-97A8-42D8-933A-87E5702C58AB}.Debug|Any CPU.Build.0 = Debug|Any CPU
		{15936965-97A8-42D8-933A-87E5702C58AB}.Release|Any CPU.ActiveCfg = Release|Any CPU
		{15936965-97A8-42D8-933A-87E5702C58AB}.Release|Any CPU.Build.0 = Release|Any CPU
	EndGlobalSection
	GlobalSection(SolutionProperties) = preSolution
		HideSolutionNode = FALSE
	EndGlobalSection
	GlobalSection(ExtensibilityGlobals) = postSolution
		SolutionGuid = {EEAB9B8B-8DD2-4F92-A827-7A1B65CB1B61}
	EndGlobalSection
EndGlobal
